
Microsoft Visual Studio Solution File, Format Version 12.00
# Visual Studio Version 17
VisualStudioVersion = 17.8.34511.84
MinimumVisualStudioVersion = 10.0.40219.1
Project("{9A19103F-16F7-4668-BE54-9A1E7A4F7556}") = "Azure_Project", "Azure_Project\Azure_Project.csproj", "{7CD5CD0B-CBBA-4C2C-8773-02425538E7D7}"
EndProject
Project("{2150E333-8FDC-42A3-9474-1A3956D46DE8}") = "Solution Elements", "Solution Elements", "{81A4A705-6F0C-4B65-BA65-716E747476BE}"
	ProjectSection(SolutionItems) = preProject
		.gitignore = .gitignore
		init.sql = init.sql
		select.sql = select.sql
	EndProjectSection
EndProject
Project("{888888A0-9F3D-457C-B088-3A5042F75D52}") = "Azure_Functions_Sentiment", "Azure_Functions_Sentiment\Azure_Functions_Sentiment.pyproj", "{A8538E87-1AFD-4C02-A5F3-D330ABB026FB}"
EndProject
Global
	GlobalSection(SolutionConfigurationPlatforms) = preSolution
		Debug|Any CPU = Debug|Any CPU
		Release|Any CPU = Release|Any CPU
	EndGlobalSection
	GlobalSection(ProjectConfigurationPlatforms) = postSolution
		{7CD5CD0B-CBBA-4C2C-8773-02425538E7D7}.Debug|Any CPU.ActiveCfg = Debug|Any CPU
		{7CD5CD0B-CBBA-4C2C-8773-02425538E7D7}.Debug|Any CPU.Build.0 = Debug|Any CPU
		{7CD5CD0B-CBBA-4C2C-8773-02425538E7D7}.Release|Any CPU.ActiveCfg = Release|Any CPU
		{7CD5CD0B-CBBA-4C2C-8773-02425538E7D7}.Release|Any CPU.Build.0 = Release|Any CPU
		{A8538E87-1AFD-4C02-A5F3-D330ABB026FB}.Debug|Any CPU.ActiveCfg = Debug|Any CPU
		{A8538E87-1AFD-4C02-A5F3-D330ABB026FB}.Release|Any CPU.ActiveCfg = Release|Any CPU
	EndGlobalSection
	GlobalSection(SolutionProperties) = preSolution
		HideSolutionNode = FALSE
	EndGlobalSection
	GlobalSection(ExtensibilityGlobals) = postSolution
		SolutionGuid = {7B44B91C-FF05-4960-821B-4C702CEEE497}
	EndGlobalSection
EndGlobal
